// !$*UTF8*$!
{
	archiveVersion = 1;
	classes = {
	};
	objectVersion = 77;
	objects = {

/* Begin PBXContainerItemProxy section */
		D444AB102D7E0DFA00C311DD /* PBXContainerItemProxy */ = {
			isa = PBXContainerItemProxy;
			containerPortal = D444AAF52D7E0DF800C311DD /* Project object */;
			proxyType = 1;
			remoteGlobalIDString = D444AAFC2D7E0DF800C311DD;
			remoteInfo = iExpensesTracker;
		};
		D444AB1A2D7E0DFA00C311DD /* PBXContainerItemProxy */ = {
			isa = PBXContainerItemProxy;
			containerPortal = D444AAF52D7E0DF800C311DD /* Project object */;
			proxyType = 1;
			remoteGlobalIDString = D444AAFC2D7E0DF800C311DD;
			remoteInfo = iExpensesTracker;
		};
/* End PBXContainerItemProxy section */

/* Begin PBXFileReference section */
		D444AAFD2D7E0DF800C311DD /* iExpensesTracker.app */ = {isa = PBXFileReference; explicitFileType = wrapper.application; includeInIndex = 0; path = iExpensesTracker.app; sourceTree = BUILT_PRODUCTS_DIR; };
		D444AB0F2D7E0DFA00C311DD /* iExpensesTrackerTests.xctest */ = {isa = PBXFileReference; explicitFileType = wrapper.cfbundle; includeInIndex = 0; path = iExpensesTrackerTests.xctest; sourceTree = BUILT_PRODUCTS_DIR; };
		D444AB192D7E0DFA00C311DD /* iExpensesTrackerUITests.xctest */ = {isa = PBXFileReference; explicitFileType = wrapper.cfbundle; includeInIndex = 0; path = iExpensesTrackerUITests.xctest; sourceTree = BUILT_PRODUCTS_DIR; };
/* End PBXFileReference section */

/* Begin PBXFileSystemSynchronizedRootGroup section */
		D444AAFF2D7E0DF800C311DD /* iExpensesTracker */ = {
			isa = PBXFileSystemSynchronizedRootGroup;
			path = iExpensesTracker;
			sourceTree = "<group>";
		};
		D444AB122D7E0DFA00C311DD /* iExpensesTrackerTests */ = {
			isa = PBXFileSystemSynchronizedRootGroup;
			path = iExpensesTrackerTests;
			sourceTree = "<group>";
		};
		D444AB1C2D7E0DFA00C311DD /* iExpensesTrackerUITests */ = {
			isa = PBXFileSystemSynchronizedRootGroup;
			path = iExpensesTrackerUITests;
			sourceTree = "<group>";
		};
/* End PBXFileSystemSynchronizedRootGroup section */

/* Begin PBXFrameworksBuildPhase section */
		D444AAFA2D7E0DF800C311DD /* Frameworks */ = {
			isa = PBXFrameworksBuildPhase;
			buildActionMask = 2147483647;
			files = (
			);
			runOnlyForDeploymentPostprocessing = 0;
		};
		D444AB0C2D7E0DFA00C311DD /* Frameworks */ = {
			isa = PBXFrameworksBuildPhase;
			buildActionMask = 2147483647;
			files = (
			);
			runOnlyForDeploymentPostprocessing = 0;
		};
		D444AB162D7E0DFA00C311DD /* Frameworks */ = {
			isa = PBXFrameworksBuildPhase;
			buildActionMask = 2147483647;
			files = (
			);
			runOnlyForDeploymentPostprocessing = 0;
		};
/* End PBXFrameworksBuildPhase section */

/* Begin PBXGroup section */
		D444AAF42D7E0DF800C311DD = {
			isa = PBXGroup;
			children = (
				D444AAFF2D7E0DF800C311DD /* iExpensesTracker */,
				D444AB122D7E0DFA00C311DD /* iExpensesTrackerTests */,
				D444AB1C2D7E0DFA00C311DD /* iExpensesTrackerUITests */,
				D444AAFE2D7E0DF800C311DD /* Products */,
			);
			sourceTree = "<group>";
		};
		D444AAFE2D7E0DF800C311DD /* Products */ = {
			isa = PBXGroup;
			children = (
				D444AAFD2D7E0DF800C311DD /* iExpensesTracker.app */,
				D444AB0F2D7E0DFA00C311DD /* iExpensesTrackerTests.xctest */,
				D444AB192D7E0DFA00C311DD /* iExpensesTrackerUITests.xctest */,
			);
			name = Products;
			sourceTree = "<group>";
		};
/* End PBXGroup section */

/* Begin PBXNativeTarget section */
		D444AAFC2D7E0DF800C311DD /* iExpensesTracker */ = {
			isa = PBXNativeTarget;
			buildConfigurationList = D444AB232D7E0DFA00C311DD /* Build configuration list for PBXNativeTarget "iExpensesTracker" */;
			buildPhases = (
				D444AAF92D7E0DF800C311DD /* Sources */,
				D444AAFA2D7E0DF800C311DD /* Frameworks */,
				D444AAFB2D7E0DF800C311DD /* Resources */,
			);
			buildRules = (
			);
			dependencies = (
			);
			fileSystemSynchronizedGroups = (
				D444AAFF2D7E0DF800C311DD /* iExpensesTracker */,
			);
			name = iExpensesTracker;
			packageProductDependencies = (
			);
			productName = iExpensesTracker;
			productReference = D444AAFD2D7E0DF800C311DD /* iExpensesTracker.app */;
			productType = "com.apple.product-type.application";
		};
		D444AB0E2D7E0DFA00C311DD /* iExpensesTrackerTests */ = {
			isa = PBXNativeTarget;
			buildConfigurationList = D444AB262D7E0DFA00C311DD /* Build configuration list for PBXNativeTarget "iExpensesTrackerTests" */;
			buildPhases = (
				D444AB0B2D7E0DFA00C311DD /* Sources */,
				D444AB0C2D7E0DFA00C311DD /* Frameworks */,
				D444AB0D2D7E0DFA00C311DD /* Resources */,
			);
			buildRules = (
			);
			dependencies = (
				D444AB112D7E0DFA00C311DD /* PBXTargetDependency */,
			);
			fileSystemSynchronizedGroups = (
				D444AB122D7E0DFA00C311DD /* iExpensesTrackerTests */,
			);
			name = iExpensesTrackerTests;
			packageProductDependencies = (
			);
			productName = iExpensesTrackerTests;
			productReference = D444AB0F2D7E0DFA00C311DD /* iExpensesTrackerTests.xctest */;
			productType = "com.apple.product-type.bundle.unit-test";
		};
		D444AB182D7E0DFA00C311DD /* iExpensesTrackerUITests */ = {
			isa = PBXNativeTarget;
			buildConfigurationList = D444AB292D7E0DFA00C311DD /* Build configuration list for PBXNativeTarget "iExpensesTrackerUITests" */;
			buildPhases = (
				D444AB152D7E0DFA00C311DD /* Sources */,
				D444AB162D7E0DFA00C311DD /* Frameworks */,
				D444AB172D7E0DFA00C311DD /* Resources */,
			);
			buildRules = (
			);
			dependencies = (
				D444AB1B2D7E0DFA00C311DD /* PBXTargetDependency */,
			);
			fileSystemSynchronizedGroups = (
				D444AB1C2D7E0DFA00C311DD /* iExpensesTrackerUITests */,
			);
			name = iExpensesTrackerUITests;
			packageProductDependencies = (
			);
			productName = iExpensesTrackerUITests;
			productReference = D444AB192D7E0DFA00C311DD /* iExpensesTrackerUITests.xctest */;
			productType = "com.apple.product-type.bundle.ui-testing";
		};
/* End PBXNativeTarget section */

/* Begin PBXProject section */
		D444AAF52D7E0DF800C311DD /* Project object */ = {
			isa = PBXProject;
			attributes = {
				BuildIndependentTargetsInParallel = 1;
				LastSwiftUpdateCheck = 1620;
				LastUpgradeCheck = 1620;
				TargetAttributes = {
					D444AAFC2D7E0DF800C311DD = {
						CreatedOnToolsVersion = 16.2;
					};
					D444AB0E2D7E0DFA00C311DD = {
						CreatedOnToolsVersion = 16.2;
						TestTargetID = D444AAFC2D7E0DF800C311DD;
					};
					D444AB182D7E0DFA00C311DD = {
						CreatedOnToolsVersion = 16.2;
						TestTargetID = D444AAFC2D7E0DF800C311DD;
					};
				};
			};
			buildConfigurationList = D444AAF82D7E0DF800C311DD /* Build configuration list for PBXProject "iExpensesTracker" */;
			developmentRegion = en;
			hasScannedForEncodings = 0;
			knownRegions = (
				en,
				Base,
			);
			mainGroup = D444AAF42D7E0DF800C311DD;
			minimizedProjectReferenceProxies = 1;
			preferredProjectObjectVersion = 77;
			productRefGroup = D444AAFE2D7E0DF800C311DD /* Products */;
			projectDirPath = "";
			projectRoot = "";
			targets = (
				D444AAFC2D7E0DF800C311DD /* iExpensesTracker */,
				D444AB0E2D7E0DFA00C311DD /* iExpensesTrackerTests */,
				D444AB182D7E0DFA00C311DD /* iExpensesTrackerUITests */,
			);
		};
/* End PBXProject section */

/* Begin PBXResourcesBuildPhase section */
		D444AAFB2D7E0DF800C311DD /* Resources */ = {
			isa = PBXResourcesBuildPhase;
			buildActionMask = 2147483647;
			files = (
			);
			runOnlyForDeploymentPostprocessing = 0;
		};
		D444AB0D2D7E0DFA00C311DD /* Resources */ = {
			isa = PBXResourcesBuildPhase;
			buildActionMask = 2147483647;
			files = (
			);
			runOnlyForDeploymentPostprocessing = 0;
		};
		D444AB172D7E0DFA00C311DD /* Resources */ = {
			isa = PBXResourcesBuildPhase;
			buildActionMask = 2147483647;
			files = (
			);
			runOnlyForDeploymentPostprocessing = 0;
		};
/* End PBXResourcesBuildPhase section */

/* Begin PBXSourcesBuildPhase section */
		D444AAF92D7E0DF800C311DD /* Sources */ = {
			isa = PBXSourcesBuildPhase;
			buildActionMask = 2147483647;
			files = (
			);
			runOnlyForDeploymentPostprocessing = 0;
		};
		D444AB0B2D7E0DFA00C311DD /* Sources */ = {
			isa = PBXSourcesBuildPhase;
			buildActionMask = 2147483647;
			files = (
			);
			runOnlyForDeploymentPostprocessing = 0;
		};
		D444AB152D7E0DFA00C311DD /* Sources */ = {
			isa = PBXSourcesBuildPhase;
			buildActionMask = 2147483647;
			files = (
			);
			runOnlyForDeploymentPostprocessing = 0;
		};
/* End PBXSourcesBuildPhase section */

/* Begin PBXTargetDependency section */
		D444AB112D7E0DFA00C311DD /* PBXTargetDependency */ = {
			isa = PBXTargetDependency;
			target = D444AAFC2D7E0DF800C311DD /* iExpensesTracker */;
			targetProxy = D444AB102D7E0DFA00C311DD /* PBXContainerItemProxy */;
		};
		D444AB1B2D7E0DFA00C311DD /* PBXTargetDependency */ = {
			isa = PBXTargetDependency;
			target = D444AAFC2D7E0DF800C311DD /* iExpensesTracker */;
			targetProxy = D444AB1A2D7E0DFA00C311DD /* PBXContainerItemProxy */;
		};
/* End PBXTargetDependency section */

/* Begin XCBuildConfiguration section */
		D444AB212D7E0DFA00C311DD /* Debug */ = {
			isa = XCBuildConfiguration;
			buildSettings = {
				ALWAYS_SEARCH_USER_PATHS = NO;
				ASSETCATALOG_COMPILER_GENERATE_SWIFT_ASSET_SYMBOL_EXTENSIONS = YES;
				CLANG_ANALYZER_NONNULL = YES;
				CLANG_ANALYZER_NUMBER_OBJECT_CONVERSION = YES_AGGRESSIVE;
				CLANG_CXX_LANGUAGE_STANDARD = "gnu++20";
				CLANG_ENABLE_MODULES = YES;
				CLANG_ENABLE_OBJC_ARC = YES;
				CLANG_ENABLE_OBJC_WEAK = YES;
				CLANG_WARN_BLOCK_CAPTURE_AUTORELEASING = YES;
				CLANG_WARN_BOOL_CONVERSION = YES;
				CLANG_WARN_COMMA = YES;
				CLANG_WARN_CONSTANT_CONVERSION = YES;
				CLANG_WARN_DEPRECATED_OBJC_IMPLEMENTATIONS = YES;
				CLANG_WARN_DIRECT_OBJC_ISA_USAGE = YES_ERROR;
				CLANG_WARN_DOCUMENTATION_COMMENTS = YES;
				CLANG_WARN_EMPTY_BODY = YES;
				CLANG_WARN_ENUM_CONVERSION = YES;
				CLANG_WARN_INFINITE_RECURSION = YES;
				CLANG_WARN_INT_CONVERSION = YES;
				CLANG_WARN_NON_LITERAL_NULL_CONVERSION = YES;
				CLANG_WARN_OBJC_IMPLICIT_RETAIN_SELF = YES;
				CLANG_WARN_OBJC_LITERAL_CONVERSION = YES;
				CLANG_WARN_OBJC_ROOT_CLASS = YES_ERROR;
				CLANG_WARN_QUOTED_INCLUDE_IN_FRAMEWORK_HEADER = YES;
				CLANG_WARN_RANGE_LOOP_ANALYSIS = YES;
				CLANG_WARN_STRICT_PROTOTYPES = YES;
				CLANG_WARN_SUSPICIOUS_MOVE = YES;
				CLANG_WARN_UNGUARDED_AVAILABILITY = YES_AGGRESSIVE;
				CLANG_WARN_UNREACHABLE_CODE = YES;
				CLANG_WARN__DUPLICATE_METHOD_MATCH = YES;
				COPY_PHASE_STRIP = NO;
				DEBUG_INFORMATION_FORMAT = dwarf;
				ENABLE_STRICT_OBJC_MSGSEND = YES;
				ENABLE_TESTABILITY = YES;
				ENABLE_USER_SCRIPT_SANDBOXING = YES;
				GCC_C_LANGUAGE_STANDARD = gnu17;
				GCC_DYNAMIC_NO_PIC = NO;
				GCC_NO_COMMON_BLOCKS = YES;
				GCC_OPTIMIZATION_LEVEL = 0;
				GCC_PREPROCESSOR_DEFINITIONS = (
					"DEBUG=1",
					"$(inherited)",
				);
				GCC_WARN_64_TO_32_BIT_CONVERSION = YES;
				GCC_WARN_ABOUT_RETURN_TYPE = YES_ERROR;
				GCC_WARN_UNDECLARED_SELECTOR = YES;
				GCC_WARN_UNINITIALIZED_AUTOS = YES_AGGRESSIVE;
				GCC_WARN_UNUSED_FUNCTION = YES;
				GCC_WARN_UNUSED_VARIABLE = YES;
				IPHONEOS_DEPLOYMENT_TARGET = 18.2;
				LOCALIZATION_PREFERS_STRING_CATALOGS = YES;
				MTL_ENABLE_DEBUG_INFO = INCLUDE_SOURCE;
				MTL_FAST_MATH = YES;
				ONLY_ACTIVE_ARCH = YES;
				SDKROOT = iphoneos;
				SWIFT_ACTIVE_COMPILATION_CONDITIONS = "DEBUG $(inherited)";
				SWIFT_OPTIMIZATION_LEVEL = "-Onone";
			};
			name = Debug;
		};
		D444AB222D7E0DFA00C311DD /* Release */ = {
			isa = XCBuildConfiguration;
			buildSettings = {
				ALWAYS_SEARCH_USER_PATHS = NO;
				ASSETCATALOG_COMPILER_GENERATE_SWIFT_ASSET_SYMBOL_EXTENSIONS = YES;
				CLANG_ANALYZER_NONNULL = YES;
				CLANG_ANALYZER_NUMBER_OBJECT_CONVERSION = YES_AGGRESSIVE;
				CLANG_CXX_LANGUAGE_STANDARD = "gnu++20";
				CLANG_ENABLE_MODULES = YES;
				CLANG_ENABLE_OBJC_ARC = YES;
				CLANG_ENABLE_OBJC_WEAK = YES;
				CLANG_WARN_BLOCK_CAPTURE_AUTORELEASING = YES;
				CLANG_WARN_BOOL_CONVERSION = YES;
				CLANG_WARN_COMMA = YES;
				CLANG_WARN_CONSTANT_CONVERSION = YES;
				CLANG_WARN_DEPRECATED_OBJC_IMPLEMENTATIONS = YES;
				CLANG_WARN_DIRECT_OBJC_ISA_USAGE = YES_ERROR;
				CLANG_WARN_DOCUMENTATION_COMMENTS = YES;
				CLANG_WARN_EMPTY_BODY = YES;
				CLANG_WARN_ENUM_CONVERSION = YES;
				CLANG_WARN_INFINITE_RECURSION = YES;
				CLANG_WARN_INT_CONVERSION = YES;
				CLANG_WARN_NON_LITERAL_NULL_CONVERSION = YES;
				CLANG_WARN_OBJC_IMPLICIT_RETAIN_SELF = YES;
				CLANG_WARN_OBJC_LITERAL_CONVERSION = YES;
				CLANG_WARN_OBJC_ROOT_CLASS = YES_ERROR;
				CLANG_WARN_QUOTED_INCLUDE_IN_FRAMEWORK_HEADER = YES;
				CLANG_WARN_RANGE_LOOP_ANALYSIS = YES;
				CLANG_WARN_STRICT_PROTOTYPES = YES;
				CLANG_WARN_SUSPICIOUS_MOVE = YES;
				CLANG_WARN_UNGUARDED_AVAILABILITY = YES_AGGRESSIVE;
				CLANG_WARN_UNREACHABLE_CODE = YES;
				CLANG_WARN__DUPLICATE_METHOD_MATCH = YES;
				COPY_PHASE_STRIP = NO;
				DEBUG_INFORMATION_FORMAT = "dwarf-with-dsym";
				ENABLE_NS_ASSERTIONS = NO;
				ENABLE_STRICT_OBJC_MSGSEND = YES;
				ENABLE_USER_SCRIPT_SANDBOXING = YES;
				GCC_C_LANGUAGE_STANDARD = gnu17;
				GCC_NO_COMMON_BLOCKS = YES;
				GCC_WARN_64_TO_32_BIT_CONVERSION = YES;
				GCC_WARN_ABOUT_RETURN_TYPE = YES_ERROR;
				GCC_WARN_UNDECLARED_SELECTOR = YES;
				GCC_WARN_UNINITIALIZED_AUTOS = YES_AGGRESSIVE;
				GCC_WARN_UNUSED_FUNCTION = YES;
				GCC_WARN_UNUSED_VARIABLE = YES;
				IPHONEOS_DEPLOYMENT_TARGET = 18.2;
				LOCALIZATION_PREFERS_STRING_CATALOGS = YES;
				MTL_ENABLE_DEBUG_INFO = NO;
				MTL_FAST_MATH = YES;
				SDKROOT = iphoneos;
				SWIFT_COMPILATION_MODE = wholemodule;
				VALIDATE_PRODUCT = YES;
			};
			name = Release;
		};
		D444AB242D7E0DFA00C311DD /* Debug */ = {
			isa = XCBuildConfiguration;
			buildSettings = {
				ASSETCATALOG_COMPILER_APPICON_NAME = AppIcon;
				ASSETCATALOG_COMPILER_GLOBAL_ACCENT_COLOR_NAME = AccentColor;
				CODE_SIGN_STYLE = Automatic;
				CURRENT_PROJECT_VERSION = 1;
				DEVELOPMENT_ASSET_PATHS = "\"iExpensesTracker/Preview Content\"";
				DEVELOPMENT_TEAM = ZB68B8Y4GV;
				ENABLE_PREVIEWS = YES;
				GENERATE_INFOPLIST_FILE = YES;
				INFOPLIST_KEY_UIApplicationSceneManifest_Generation = YES;
				INFOPLIST_KEY_UIApplicationSupportsIndirectInputEvents = YES;
				INFOPLIST_KEY_UILaunchScreen_Generation = YES;
				INFOPLIST_KEY_UISupportedInterfaceOrientations_iPad = "UIInterfaceOrientationPortrait UIInterfaceOrientationPortraitUpsideDown UIInterfaceOrientationLandscapeLeft UIInterfaceOrientationLandscapeRight";
				INFOPLIST_KEY_UISupportedInterfaceOrientations_iPhone = "UIInterfaceOrientationPortrait UIInterfaceOrientationLandscapeLeft UIInterfaceOrientationLandscapeRight";
				LD_RUNPATH_SEARCH_PATHS = (
					"$(inherited)",
					"@executable_path/Frameworks",
				);
				MARKETING_VERSION = 1.0;
				PRODUCT_BUNDLE_IDENTIFIER = "com.isaiin-dev.iExpensesTracker";
				PRODUCT_NAME = "$(TARGET_NAME)";
				SWIFT_EMIT_LOC_STRINGS = YES;
				SWIFT_VERSION = 5.0;
				TARGETED_DEVICE_FAMILY = "1,2";
			};
			name = Debug;
		};
		D444AB252D7E0DFA00C311DD /* Release */ = {
			isa = XCBuildConfiguration;
			buildSettings = {
				ASSETCATALOG_COMPILER_APPICON_NAME = AppIcon;
				ASSETCATALOG_COMPILER_GLOBAL_ACCENT_COLOR_NAME = AccentColor;
				CODE_SIGN_STYLE = Automatic;
				CURRENT_PROJECT_VERSION = 1;
				DEVELOPMENT_ASSET_PATHS = "\"iExpensesTracker/Preview Content\"";
				DEVELOPMENT_TEAM = ZB68B8Y4GV;
				ENABLE_PREVIEWS = YES;
				GENERATE_INFOPLIST_FILE = YES;
				INFOPLIST_KEY_UIApplicationSceneManifest_Generation = YES;
				INFOPLIST_KEY_UIApplicationSupportsIndirectInputEvents = YES;
				INFOPLIST_KEY_UILaunchScreen_Generation = YES;
				INFOPLIST_KEY_UISupportedInterfaceOrientations_iPad = "UIInterfaceOrientationPortrait UIInterfaceOrientationPortraitUpsideDown UIInterfaceOrientationLandscapeLeft UIInterfaceOrientationLandscapeRight";
				INFOPLIST_KEY_UISupportedInterfaceOrientations_iPhone = "UIInterfaceOrientationPortrait UIInterfaceOrientationLandscapeLeft UIInterfaceOrientationLandscapeRight";
				LD_RUNPATH_SEARCH_PATHS = (
					"$(inherited)",
					"@executable_path/Frameworks",
				);
				MARKETING_VERSION = 1.0;
				PRODUCT_BUNDLE_IDENTIFIER = "com.isaiin-dev.iExpensesTracker";
				PRODUCT_NAME = "$(TARGET_NAME)";
				SWIFT_EMIT_LOC_STRINGS = YES;
				SWIFT_VERSION = 5.0;
				TARGETED_DEVICE_FAMILY = "1,2";
			};
			name = Release;
		};
		D444AB272D7E0DFA00C311DD /* Debug */ = {
			isa = XCBuildConfiguration;
			buildSettings = {
				BUNDLE_LOADER = "$(TEST_HOST)";
				CODE_SIGN_STYLE = Automatic;
				CURRENT_PROJECT_VERSION = 1;
				DEVELOPMENT_TEAM = ZB68B8Y4GV;
				GENERATE_INFOPLIST_FILE = YES;
				IPHONEOS_DEPLOYMENT_TARGET = 18.2;
				MARKETING_VERSION = 1.0;
				PRODUCT_BUNDLE_IDENTIFIER = "com.isaiin-dev.iExpensesTrackerTests";
				PRODUCT_NAME = "$(TARGET_NAME)";
				SWIFT_EMIT_LOC_STRINGS = NO;
				SWIFT_VERSION = 5.0;
				TARGETED_DEVICE_FAMILY = "1,2";
				TEST_HOST = "$(BUILT_PRODUCTS_DIR)/iExpensesTracker.app/$(BUNDLE_EXECUTABLE_FOLDER_PATH)/iExpensesTracker";
			};
			name = Debug;
		};
		D444AB282D7E0DFA00C311DD /* Release */ = {
			isa = XCBuildConfiguration;
			buildSettings = {
				BUNDLE_LOADER = "$(TEST_HOST)";
				CODE_SIGN_STYLE = Automatic;
				CURRENT_PROJECT_VERSION = 1;
				DEVELOPMENT_TEAM = ZB68B8Y4GV;
				GENERATE_INFOPLIST_FILE = YES;
				IPHONEOS_DEPLOYMENT_TARGET = 18.2;
				MARKETING_VERSION = 1.0;
				PRODUCT_BUNDLE_IDENTIFIER = "com.isaiin-dev.iExpensesTrackerTests";
				PRODUCT_NAME = "$(TARGET_NAME)";
				SWIFT_EMIT_LOC_STRINGS = NO;
				SWIFT_VERSION = 5.0;
				TARGETED_DEVICE_FAMILY = "1,2";
				TEST_HOST = "$(BUILT_PRODUCTS_DIR)/iExpensesTracker.app/$(BUNDLE_EXECUTABLE_FOLDER_PATH)/iExpensesTracker";
			};
			name = Release;
		};
		D444AB2A2D7E0DFA00C311DD /* Debug */ = {
			isa = XCBuildConfiguration;
			buildSettings = {
				CODE_SIGN_STYLE = Automatic;
				CURRENT_PROJECT_VERSION = 1;
				DEVELOPMENT_TEAM = ZB68B8Y4GV;
				GENERATE_INFOPLIST_FILE = YES;
				MARKETING_VERSION = 1.0;
				PRODUCT_BUNDLE_IDENTIFIER = "com.isaiin-dev.iExpensesTrackerUITests";
				PRODUCT_NAME = "$(TARGET_NAME)";
				SWIFT_EMIT_LOC_STRINGS = NO;
				SWIFT_VERSION = 5.0;
				TARGETED_DEVICE_FAMILY = "1,2";
				TEST_TARGET_NAME = iExpensesTracker;
			};
			name = Debug;
		};
		D444AB2B2D7E0DFA00C311DD /* Release */ = {
			isa = XCBuildConfiguration;
			buildSettings = {
				CODE_SIGN_STYLE = Automatic;
				CURRENT_PROJECT_VERSION = 1;
				DEVELOPMENT_TEAM = ZB68B8Y4GV;
				GENERATE_INFOPLIST_FILE = YES;
				MARKETING_VERSION = 1.0;
				PRODUCT_BUNDLE_IDENTIFIER = "com.isaiin-dev.iExpensesTrackerUITests";
				PRODUCT_NAME = "$(TARGET_NAME)";
				SWIFT_EMIT_LOC_STRINGS = NO;
				SWIFT_VERSION = 5.0;
				TARGETED_DEVICE_FAMILY = "1,2";
				TEST_TARGET_NAME = iExpensesTracker;
			};
			name = Release;
		};
/* End XCBuildConfiguration section */

/* Begin XCConfigurationList section */
		D444AAF82D7E0DF800C311DD /* Build configuration list for PBXProject "iExpensesTracker" */ = {
			isa = XCConfigurationList;
			buildConfigurations = (
				D444AB212D7E0DFA00C311DD /* Debug */,
				D444AB222D7E0DFA00C311DD /* Release */,
			);
			defaultConfigurationIsVisible = 0;
			defaultConfigurationName = Release;
		};
		D444AB232D7E0DFA00C311DD /* Build configuration list for PBXNativeTarget "iExpensesTracker" */ = {
			isa = XCConfigurationList;
			buildConfigurations = (
				D444AB242D7E0DFA00C311DD /* Debug */,
				D444AB252D7E0DFA00C311DD /* Release */,
			);
			defaultConfigurationIsVisible = 0;
			defaultConfigurationName = Release;
		};
		D444AB262D7E0DFA00C311DD /* Build configuration list for PBXNativeTarget "iExpensesTrackerTests" */ = {
			isa = XCConfigurationList;
			buildConfigurations = (
				D444AB272D7E0DFA00C311DD /* Debug */,
				D444AB282D7E0DFA00C311DD /* Release */,
			);
			defaultConfigurationIsVisible = 0;
			defaultConfigurationName = Release;
		};
		D444AB292D7E0DFA00C311DD /* Build configuration list for PBXNativeTarget "iExpensesTrackerUITests" */ = {
			isa = XCConfigurationList;
			buildConfigurations = (
				D444AB2A2D7E0DFA00C311DD /* Debug */,
				D444AB2B2D7E0DFA00C311DD /* Release */,
			);
			defaultConfigurationIsVisible = 0;
			defaultConfigurationName = Release;
		};
/* End XCConfigurationList section */
	};
	rootObject = D444AAF52D7E0DF800C311DD /* Project object */;
}
